
Microsoft Visual Studio Solution File, Format Version 12.00
# Visual Studio Version 16
VisualStudioVersion = 16.0.31313.79
MinimumVisualStudioVersion = 10.0.40219.1
Project("{FAE04EC0-301F-11D3-BF4B-00C04F79EFBC}") = "ShoppingCartDemo", "ShoppingCartDemo\ShoppingCartDemo.csproj", "{B0101212-B7BE-4329-A432-B4768FF56832}"
EndProject
Global
	GlobalSection(SolutionConfigurationPlatforms) = preSolution
		Debug|Any CPU = Debug|Any CPU
		Release|Any CPU = Release|Any CPU
	EndGlobalSection
	GlobalSection(ProjectConfigurationPlatforms) = postSolution
		{B0101212-B7BE-4329-A432-B4768FF56832}.Debug|Any CPU.ActiveCfg = Debug|Any CPU
		{B0101212-B7BE-4329-A432-B4768FF56832}.Debug|Any CPU.Build.0 = Debug|Any CPU
		{B0101212-B7BE-4329-A432-B4768FF56832}.Release|Any CPU.ActiveCfg = Release|Any CPU
		{B0101212-B7BE-4329-A432-B4768FF56832}.Release|Any CPU.Build.0 = Release|Any CPU
	EndGlobalSection
	GlobalSection(SolutionProperties) = preSolution
		HideSolutionNode = FALSE
	EndGlobalSection
	GlobalSection(ExtensibilityGlobals) = postSolution
		SolutionGuid = {7AAAD97E-1A99-49A4-B1AC-1FE30B317BEA}
	EndGlobalSection
EndGlobal
